
Microsoft Visual Studio Solution File, Format Version 12.00
# Visual Studio Version 16
VisualStudioVersion = 16.0.28729.10
MinimumVisualStudioVersion = 10.0.40219.1
Project("{FAE04EC0-301F-11D3-BF4B-00C04F79EFBC}") = "Goldenart Mng", "Goldenart Mng\Goldenart Mng.csproj", "{60CBAA89-9A6C-432B-A624-669CAD217871}"
EndProject
Global
	GlobalSection(SolutionConfigurationPlatforms) = preSolution
		Debug|Any CPU = Debug|Any CPU
		Debug|x86 = Debug|x86
		Release|Any CPU = Release|Any CPU
		Release|x86 = Release|x86
	EndGlobalSection
	GlobalSection(ProjectConfigurationPlatforms) = postSolution
		{60CBAA89-9A6C-432B-A624-669CAD217871}.Debug|Any CPU.ActiveCfg = Debug|Any CPU
		{60CBAA89-9A6C-432B-A624-669CAD217871}.Debug|Any CPU.Build.0 = Debug|Any CPU
		{60CBAA89-9A6C-432B-A624-669CAD217871}.Debug|x86.ActiveCfg = Debug|x86
		{60CBAA89-9A6C-432B-A624-669CAD217871}.Debug|x86.Build.0 = Debug|x86
		{60CBAA89-9A6C-432B-A624-669CAD217871}.Release|Any CPU.ActiveCfg = Release|Any CPU
		{60CBAA89-9A6C-432B-A624-669CAD217871}.Release|Any CPU.Build.0 = Release|Any CPU
		{60CBAA89-9A6C-432B-A624-669CAD217871}.Release|x86.ActiveCfg = Release|x86
		{60CBAA89-9A6C-432B-A624-669CAD217871}.Release|x86.Build.0 = Release|x86
	EndGlobalSection
	GlobalSection(SolutionProperties) = preSolution
		HideSolutionNode = FALSE
	EndGlobalSection
	GlobalSection(ExtensibilityGlobals) = postSolution
		SolutionGuid = {A3E67289-FA88-4C96-A84B-BC027C3EFC2C}
	EndGlobalSection
EndGlobal
